lockfileVersion: '9.0'

settings:
  autoInstallPeers: true
  excludeLinksFromLockfile: false

importers:

  .:
    dependencies:
      '@ai-sdk/anthropic':
        specifier: ^4.0.37
        version: 4.0.37(zod@4.4.3)
      ai:
        specifier: ^7.0.59
        version: 7.0.59(zod@4.4.3)
      zod:
        specifier: ^4.4.3
        version: 4.4.3

packages:

  '@ai-sdk/anthropic@4.0.37':
    resolution: {integrity: sha512-3JVFoPkuVyW/TkUrsNpugQDwJa5RUnExK/J3LKhKece+qFv7MRR33URvmLbND/5yg2qXZ9rf+Wf97adGMltn0g==}
    engines: {node: '>=22'}
    peerDependencies:
      zod: ^3.25.76 || ^4.1.8

  '@ai-sdk/gateway@4.0.47':
    resolution: {integrity: sha512-BuWWlA8atWEnEJzN4eamCpGZWkoK9V3TCyNaMwgRIazhqkgWkA1Wp36si3j2JeVYzlvlEAOWrJ92dr92j/Vkqg==}
    engines: {node: '>=22'}
    peerDependencies:
      zod: ^3.25.76 || ^4.1.8

  '@ai-sdk/provider-utils@5.0.26':
    resolution: {integrity: sha512-0mqhqx+Dcv+msI84+zkbLXmnCHb/mpkYJ9DU3HBvB1px+UjFQss4lLZqRCSzJ0w3NxwQk4Ishk7cP0r8wEQD5w==}
    engines: {node: '>=22'}
    peerDependencies:
      zod: ^3.25.76 || ^4.1.8

  '@ai-sdk/provider@4.0.7':
    resolution: {integrity: sha512-6or44XprPzKbr8zkmzosowSE0pxkvJcoojBL+mCZvPUt3kvXp3XSNqeVun9golb1acEfSo6yaEBRT18h2VU+1Q==}
    engines: {node: '>=22'}

  '@standard-schema/spec@1.1.0':
    resolution: {integrity: sha512-l2aFy5jALhniG5HgqrD6jXLi/rUWrKvqN/qJx6yoJsgKhblVd+iqqU4RCXavm/jPityDo5TCvKMnpjKnOriy0w==}

  '@vercel/oidc@3.2.0':
    resolution: {integrity: sha512-UycprH3T6n3jH0k44NHMa7pnFHGu/N05MjojYr+Mc6I7obkoLIJujSWwin1pCvdy/eOxrI/l3uDLQsmcrOb4ug==}
    engines: {node: '>= 20'}

  '@workflow/serde@4.1.0':
    resolution: {integrity: sha512-pav4F2BoirECWR7Nf1TKt+2eETcBj7jj4cBefQ8VXQCA6NPkaKeLfj/zMgi+3zYV5ZIBT4GuUiphsj0/b9hPQQ==}

  ai@7.0.59:
    resolution: {integrity: sha512-p10cqg8KvLIZi7Gk+XsQjoYoLENoDdEYvehP0rSo6Wg15nbCmP+nwIy1rOIX+WGIDWGdI+jmhjVx5fXShBVC3w==}
    engines: {node: '>=22'}
    peerDependencies:
      zod: ^3.25.76 || ^4.1.8

  eventsource-parser@3.1.1:
    resolution: {integrity: sha512-EKN1vKAMcZ8MlYMpaNuxN6R9yakzH6uajHcHVTqWJzvu5pWw9DyhbP35HH8MVBQ+dZjAfDxk+A8NiR9KWaXiyQ==}
    engines: {node: '>=18.0.0'}

  json-schema@0.4.0:
    resolution: {integrity: sha512-es94M3nTIfsEPisRafak+HDLfHXnKBhV3vU5eqPcS3flIWqcxJWgXHXiey3YrpaNsanY5ei1VoYEbOzijuq9BA==}

  undici@7.29.0:
    resolution: {integrity: sha512-IDxfleLmmbSskfWSUATiN1nfn2rDuvnMOqb5CWR92iIfojA0Ud+ulOAAEQ57LPr9rWmsreUyf5lwyao+7GNNVw==}
    engines: {node: '>=20.18.1'}

  zod@4.4.3:
    resolution: {integrity: sha512-ytENFjIJFl2UwYglde2jchW2Hwm4GJFLDiSXWdTrJQBIN9Fcyp7n4DhxJEiWNAJMV1/BqWfW/kkg71UDcHJyTQ==}

snapshots:

  '@ai-sdk/anthropic@4.0.37(zod@4.4.3)':
    dependencies:
      '@ai-sdk/provider': 4.0.7
      '@ai-sdk/provider-utils': 5.0.26(zod@4.4.3)
      zod: 4.4.3

  '@ai-sdk/gateway@4.0.47(zod@4.4.3)':
    dependencies:
      '@ai-sdk/provider': 4.0.7
      '@ai-sdk/provider-utils': 5.0.26(zod@4.4.3)
      '@vercel/oidc': 3.2.0
      zod: 4.4.3

  '@ai-sdk/provider-utils@5.0.26(zod@4.4.3)':
    dependencies:
      '@ai-sdk/provider': 4.0.7
      '@standard-schema/spec': 1.1.0
      '@workflow/serde': 4.1.0
      eventsource-parser: 3.1.1
      undici: 7.29.0
      zod: 4.4.3

  '@ai-sdk/provider@4.0.7':
    dependencies:
      json-schema: 0.4.0

  '@standard-schema/spec@1.1.0': {}

  '@vercel/oidc@3.2.0': {}

  '@workflow/serde@4.1.0': {}

  ai@7.0.59(zod@4.4.3):
    dependencies:
      '@ai-sdk/gateway': 4.0.47(zod@4.4.3)
      '@ai-sdk/provider': 4.0.7
      '@ai-sdk/provider-utils': 5.0.26(zod@4.4.3)
      zod: 4.4.3

  eventsource-parser@3.1.1: {}

  json-schema@0.4.0: {}

  undici@7.29.0: {}

  zod@4.4.3: {}
